Microsoft Visual Studio Solution File, Format Version 12.00
# Visual Studio Version 17
VisualStudioVersion = 17.0.31903.59
MinimumVisualStudioVersion = 10.0.40219.1
Project("{FAE04EC0-301F-11D3-BF4B-00C04F79EFBC}") = "ManagementApp", "ManagementApp\ManagementApp.csproj", "{A1B2C3D4-E5F6-7890-ABCD-EF1234567890}"
EndProject
Project("{FAE04EC0-301F-11D3-BF4B-00C04F79EFBC}") = "Shared", "Shared\Shared.csproj", "{AD941FF7-A516-4737-B61D-36E04F765FC8}"
EndProject
Project("{FAE04EC0-301F-11D3-BF4B-00C04F79EFBC}") = "DisplayApp", "DisplayApp\DisplayApp.csproj", "{7ACC5564-E617-4289-AABA-A6F3F97D096E}"
EndProject
Global
	GlobalSection(SolutionConfigurationPlatforms) = preSolution
		Debug|Any CPU = Debug|Any CPU
		Release|Any CPU = Release|Any CPU
	EndGlobalSection
	GlobalSection(ProjectConfigurationPlatforms) = postSolution
		{A1B2C3D4-E5F6-7890-ABCD-EF1234567890}.Debug|Any CPU.ActiveCfg = Debug|Any CPU
		{A1B2C3D4-E5F6-7890-ABCD-EF1234567890}.Debug|Any CPU.Build.0 = Debug|Any CPU
		{A1B2C3D4-E5F6-7890-ABCD-EF1234567890}.Release|Any CPU.ActiveCfg = Release|Any CPU
		{A1B2C3D4-E5F6-7890-ABCD-EF1234567890}.Release|Any CPU.Build.0 = Release|Any CPU
		{AD941FF7-A516-4737-B61D-36E04F765FC8}.Debug|Any CPU.ActiveCfg = Debug|Any CPU
		{AD941FF7-A516-4737-B61D-36E04F765FC8}.Debug|Any CPU.Build.0 = Debug|Any CPU
		{AD941FF7-A516-4737-B61D-36E04F765FC8}.Release|Any CPU.ActiveCfg = Release|Any CPU
		{AD941FF7-A516-4737-B61D-36E04F765FC8}.Release|Any CPU.Build.0 = Release|Any CPU
		{7ACC5564-E617-4289-AABA-A6F3F97D096E}.Debug|Any CPU.ActiveCfg = Debug|Any CPU
		{7ACC5564-E617-4289-AABA-A6F3F97D096E}.Debug|Any CPU.Build.0 = Debug|Any CPU
		{7ACC5564-E617-4289-AABA-A6F3F97D096E}.Release|Any CPU.ActiveCfg = Release|Any CPU
		{7ACC5564-E617-4289-AABA-A6F3F97D096E}.Release|Any CPU.Build.0 = Release|Any CPU
	EndGlobalSection
	GlobalSection(SolutionProperties) = preSolution
		HideSolutionNode = FALSE
	EndGlobalSection
EndGlobal
